// !$*UTF8*$!
{
	archiveVersion = 1;
	classes = {
	};
	objectVersion = 55;
	objects = {

/* Begin PBXBuildFile section */
		A15E41D627C2CB6E00EFD257 /* CategoriesViewController.swift in Sources */ = {isa = PBXBuildFile; fileRef = A15E41D427C2CB6E00EFD257 /* CategoriesViewController.swift */; };
		A15E41D727C2CB6E00EFD257 /* CategoriesViewController.xib in Resources */ = {isa = PBXBuildFile; fileRef = A15E41D527C2CB6E00EFD257 /* CategoriesViewController.xib */; };
		A1870EC927C434E400939249 /* CategoriesViewModel.swift in Sources */ = {isa = PBXBuildFile; fileRef = A1870EC827C434E400939249 /* CategoriesViewModel.swift */; };
		A1870ECB27C4633A00939249 /* CategoriesService.swift in Sources */ = {isa = PBXBuildFile; fileRef = A1870ECA27C4633A00939249 /* CategoriesService.swift */; };
		A1870ECD27C4640900939249 /* AlamofireAPIClient.swift in Sources */ = {isa = PBXBuildFile; fileRef = A1870ECC27C4640900939249 /* AlamofireAPIClient.swift */; };
		A1870ECF27C4778F00939249 /* QuestionsViewModel.swift in Sources */ = {isa = PBXBuildFile; fileRef = A1870ECE27C4778F00939249 /* QuestionsViewModel.swift */; };
		A1870ED127C6C34200939249 /* QuestionsService.swift in Sources */ = {isa = PBXBuildFile; fileRef = A1870ED027C6C34200939249 /* QuestionsService.swift */; };
		A1ABA42A27C00D3C00445810 /* QuestionViewController.swift in Sources */ = {isa = PBXBuildFile; fileRef = A1ABA42827C00D3C00445810 /* QuestionViewController.swift */; };
		A1ABA42B27C00D3C00445810 /* QuestionViewController.xib in Resources */ = {isa = PBXBuildFile; fileRef = A1ABA42927C00D3C00445810 /* QuestionViewController.xib */; };
		A1ABA43327C03F4B00445810 /* TabBarController.swift in Sources */ = {isa = PBXBuildFile; fileRef = A1ABA43227C03F4B00445810 /* TabBarController.swift */; };
		A1ABA43627C044FB00445810 /* AboutViewController.swift in Sources */ = {isa = PBXBuildFile; fileRef = A1ABA43427C044FB00445810 /* AboutViewController.swift */; };
		A1ABA43727C044FB00445810 /* AboutViewController.xib in Resources */ = {isa = PBXBuildFile; fileRef = A1ABA43527C044FB00445810 /* AboutViewController.xib */; };
		A1E3972627BEAD20005EA451 /* AppDelegate.swift in Sources */ = {isa = PBXBuildFile; fileRef = A1E3972527BEAD20005EA451 /* AppDelegate.swift */; };
		A1E3972827BEAD20005EA451 /* SceneDelegate.swift in Sources */ = {isa = PBXBuildFile; fileRef = A1E3972727BEAD20005EA451 /* SceneDelegate.swift */; };
		A1E3972A27BEAD20005EA451 /* ViewController.swift in Sources */ = {isa = PBXBuildFile; fileRef = A1E3972927BEAD20005EA451 /* ViewController.swift */; };
		A1E3972F27BEAD2F005EA451 /* Assets.xcassets in Resources */ = {isa = PBXBuildFile; fileRef = A1E3972E27BEAD2F005EA451 /* Assets.xcassets */; };
		A1E3973227BEAD2F005EA451 /* LaunchScreen.storyboard in Resources */ = {isa = PBXBuildFile; fileRef = A1E3973027BEAD2F005EA451 /* LaunchScreen.storyboard */; };
		A1E3973B27BEAE74005EA451 /* InitialViewController.swift in Sources */ = {isa = PBXBuildFile; fileRef = A1E3973927BEAE74005EA451 /* InitialViewController.swift */; };
		A1E3973C27BEAE74005EA451 /* InitialViewController.xib in Resources */ = {isa = PBXBuildFile; fileRef = A1E3973A27BEAE74005EA451 /* InitialViewController.xib */; };
		F37141EB338572C02B23A166 /* Pods_Trivia.framework in Frameworks */ = {isa = PBXBuildFile; fileRef = 6DD264754F4A4998CF9544B9 /* Pods_Trivia.framework */; };
/* End PBXBuildFile section */

/* Begin PBXFileReference section */
		0D93DD96652E8644881E00A2 /* Pods-Trivia.release.xcconfig */ = {isa = PBXFileReference; includeInIndex = 1; lastKnownFileType = text.xcconfig; name = "Pods-Trivia.release.xcconfig"; path = "Target Support Files/Pods-Trivia/Pods-Trivia.release.xcconfig"; sourceTree = "<group>"; };
		6DD264754F4A4998CF9544B9 /* Pods_Trivia.framework */ = {isa = PBXFileReference; explicitFileType = wrapper.framework; includeInIndex = 0; path = Pods_Trivia.framework; sourceTree = BUILT_PRODUCTS_DIR; };
		7B58EA742D0B4811F1410588 /* Pods-Trivia.debug.xcconfig */ = {isa = PBXFileReference; includeInIndex = 1; lastKnownFileType = text.xcconfig; name = "Pods-Trivia.debug.xcconfig"; path = "Target Support Files/Pods-Trivia/Pods-Trivia.debug.xcconfig"; sourceTree = "<group>"; };
		A15E41D427C2CB6E00EFD257 /* CategoriesViewController.swift */ = {isa = PBXFileReference; lastKnownFileType = sourcecode.swift; path = CategoriesViewController.swift; sourceTree = "<group>"; };
		A15E41D527C2CB6E00EFD257 /* CategoriesViewController.xib */ = {isa = PBXFileReference; lastKnownFileType = file.xib; path = CategoriesViewController.xib; sourceTree = "<group>"; };
		A1870EC827C434E400939249 /* CategoriesViewModel.swift */ = {isa = PBXFileReference; lastKnownFileType = sourcecode.swift; path = CategoriesViewModel.swift; sourceTree = "<group>"; };
		A1870ECA27C4633A00939249 /* CategoriesService.swift */ = {isa = PBXFileReference; lastKnownFileType = sourcecode.swift; path = CategoriesService.swift; sourceTree = "<group>"; };
		A1870ECC27C4640900939249 /* AlamofireAPIClient.swift */ = {isa = PBXFileReference; lastKnownFileType = sourcecode.swift; path = AlamofireAPIClient.swift; sourceTree = "<group>"; };
		A1870ECE27C4778F00939249 /* QuestionsViewModel.swift */ = {isa = PBXFileReference; lastKnownFileType = sourcecode.swift; path = QuestionsViewModel.swift; sourceTree = "<group>"; };
		A1870ED027C6C34200939249 /* QuestionsService.swift */ = {isa = PBXFileReference; lastKnownFileType = sourcecode.swift; path = QuestionsService.swift; sourceTree = "<group>"; };
		A1ABA42827C00D3C00445810 /* QuestionViewController.swift */ = {isa = PBXFileReference; lastKnownFileType = sourcecode.swift; path = QuestionViewController.swift; sourceTree = "<group>"; };
		A1ABA42927C00D3C00445810 /* QuestionViewController.xib */ = {isa = PBXFileReference; lastKnownFileType = file.xib; path = QuestionViewController.xib; sourceTree = "<group>"; };
		A1ABA43227C03F4B00445810 /* TabBarController.swift */ = {isa = PBXFileReference; lastKnownFileType = sourcecode.swift; path = TabBarController.swift; sourceTree = "<group>"; };
		A1ABA43427C044FB00445810 /* AboutViewController.swift */ = {isa = PBXFileReference; lastKnownFileType = sourcecode.swift; path = AboutViewController.swift; sourceTree = "<group>"; };
		A1ABA43527C044FB00445810 /* AboutViewController.xib */ = {isa = PBXFileReference; lastKnownFileType = file.xib; path = AboutViewController.xib; sourceTree = "<group>"; };
		A1E3972227BEAD20005EA451 /* Trivia.app */ = {isa = PBXFileReference; explicitFileType = wrapper.application; includeInIndex = 0; path = Trivia.app; sourceTree = BUILT_PRODUCTS_DIR; };
		A1E3972527BEAD20005EA451 /* AppDelegate.swift */ = {isa = PBXFileReference; lastKnownFileType = sourcecode.swift; path = AppDelegate.swift; sourceTree = "<group>"; };
		A1E3972727BEAD20005EA451 /* SceneDelegate.swift */ = {isa = PBXFileReference; lastKnownFileType = sourcecode.swift; path = SceneDelegate.swift; sourceTree = "<group>"; };
		A1E3972927BEAD20005EA451 /* ViewController.swift */ = {isa = PBXFileReference; lastKnownFileType = sourcecode.swift; path = ViewController.swift; sourceTree = "<group>"; };
		A1E3972E27BEAD2F005EA451 /* Assets.xcassets */ = {isa = PBXFileReference; lastKnownFileType = folder.assetcatalog; path = Assets.xcassets; sourceTree = "<group>"; };
		A1E3973127BEAD2F005EA451 /* Base */ = {isa = PBXFileReference; lastKnownFileType = file.storyboard; name = Base; path = Base.lproj/LaunchScreen.storyboard; sourceTree = "<group>"; };
		A1E3973327BEAD2F005EA451 /* Info.plist */ = {isa = PBXFileReference; lastKnownFileType = text.plist.xml; path = Info.plist; sourceTree = "<group>"; };
		A1E3973927BEAE74005EA451 /* InitialViewController.swift */ = {isa = PBXFileReference; lastKnownFileType = sourcecode.swift; path = InitialViewController.swift; sourceTree = "<group>"; };
		A1E3973A27BEAE74005EA451 /* InitialViewController.xib */ = {isa = PBXFileReference; lastKnownFileType = file.xib; path = InitialViewController.xib; sourceTree = "<group>"; };
/* End PBXFileReference section */

/* Begin PBXFrameworksBuildPhase section */
		A1E3971F27BEAD20005EA451 /* Frameworks */ = {
			isa = PBXFrameworksBuildPhase;
			buildActionMask = 2147483647;
			files = (
				F37141EB338572C02B23A166 /* Pods_Trivia.framework in Frameworks */,
			);
			runOnlyForDeploymentPostprocessing = 0;
		};
/* End PBXFrameworksBuildPhase section */

/* Begin PBXGroup section */
		1270F2849CCB6F6382C4F092 /* Frameworks */ = {
			isa = PBXGroup;
			children = (
				6DD264754F4A4998CF9544B9 /* Pods_Trivia.framework */,
			);
			name = Frameworks;
			sourceTree = "<group>";
		};
		8C4FE1F15EE7DB9190CB513F /* Pods */ = {
			isa = PBXGroup;
			children = (
				7B58EA742D0B4811F1410588 /* Pods-Trivia.debug.xcconfig */,
				0D93DD96652E8644881E00A2 /* Pods-Trivia.release.xcconfig */,
			);
			path = Pods;
			sourceTree = "<group>";
		};
		A1E3971927BEAD20005EA451 = {
			isa = PBXGroup;
			children = (
				A1E3972327BEAD20005EA451 /* Products */,
				A1E3972427BEAD20005EA451 /* Trivia */,
				8C4FE1F15EE7DB9190CB513F /* Pods */,
				1270F2849CCB6F6382C4F092 /* Frameworks */,
			);
			sourceTree = "<group>";
		};
		A1E3972327BEAD20005EA451 /* Products */ = {
			isa = PBXGroup;
			children = (
				A1E3972227BEAD20005EA451 /* Trivia.app */,
			);
			name = Products;
			sourceTree = "<group>";
		};
		A1E3972427BEAD20005EA451 /* Trivia */ = {
			isa = PBXGroup;
			children = (
				A1E3973327BEAD2F005EA451 /* Info.plist */,
				A1ABA43427C044FB00445810 /* AboutViewController.swift */,
				A1E3972527BEAD20005EA451 /* AppDelegate.swift */,
				A15E41D427C2CB6E00EFD257 /* CategoriesViewController.swift */,
				A1870ECA27C4633A00939249 /* CategoriesService.swift */,
				A1870EC827C434E400939249 /* CategoriesViewModel.swift */,
				A1870ECE27C4778F00939249 /* QuestionsViewModel.swift */,
				A1870ED027C6C34200939249 /* QuestionsService.swift */,
				A1870ECC27C4640900939249 /* AlamofireAPIClient.swift */,
				A1E3973927BEAE74005EA451 /* InitialViewController.swift */,
				A1ABA42827C00D3C00445810 /* QuestionViewController.swift */,
				A1E3972727BEAD20005EA451 /* SceneDelegate.swift */,
				A1ABA43227C03F4B00445810 /* TabBarController.swift */,
				A1E3972927BEAD20005EA451 /* ViewController.swift */,
				A1E3972E27BEAD2F005EA451 /* Assets.xcassets */,
				A1ABA43527C044FB00445810 /* AboutViewController.xib */,
				A15E41D527C2CB6E00EFD257 /* CategoriesViewController.xib */,
				A1E3973A27BEAE74005EA451 /* InitialViewController.xib */,
				A1ABA42927C00D3C00445810 /* QuestionViewController.xib */,
				A1E3973027BEAD2F005EA451 /* LaunchScreen.storyboard */,
			);
			path = Trivia;
			sourceTree = "<group>";
		};
/* End PBXGroup section */

/* Begin PBXNativeTarget section */
		A1E3972127BEAD20005EA451 /* Trivia */ = {
			isa = PBXNativeTarget;
			buildConfigurationList = A1E3973627BEAD2F005EA451 /* Build configuration list for PBXNativeTarget "Trivia" */;
			buildPhases = (
				1FF24B40B905DE11296FE890 /* [CP] Check Pods Manifest.lock */,
				A1E3971E27BEAD20005EA451 /* Sources */,
				A1E3971F27BEAD20005EA451 /* Frameworks */,
				A1E3972027BEAD20005EA451 /* Resources */,
				F542D99887FA4A621C73A121 /* [CP] Embed Pods Frameworks */,
			);
			buildRules = (
			);
			dependencies = (
			);
			name = Trivia;
			productName = Trivia;
			productReference = A1E3972227BEAD20005EA451 /* Trivia.app */;
			productType = "com.apple.product-type.application";
		};
/* End PBXNativeTarget section */

/* Begin PBXProject section */
		A1E3971A27BEAD20005EA451 /* Project object */ = {
			isa = PBXProject;
			attributes = {
				BuildIndependentTargetsInParallel = 1;
				LastSwiftUpdateCheck = 1320;
				LastUpgradeCheck = 1320;
				TargetAttributes = {
					A1E3972127BEAD20005EA451 = {
						CreatedOnToolsVersion = 13.2.1;
					};
				};
			};
			buildConfigurationList = A1E3971D27BEAD20005EA451 /* Build configuration list for PBXProject "Trivia" */;
			compatibilityVersion = "Xcode 13.0";
			developmentRegion = en;
			hasScannedForEncodings = 0;
			knownRegions = (
				en,
				Base,
			);
			mainGroup = A1E3971927BEAD20005EA451;
			productRefGroup = A1E3972327BEAD20005EA451 /* Products */;
			projectDirPath = "";
			projectRoot = "";
			targets = (
				A1E3972127BEAD20005EA451 /* Trivia */,
			);
		};
/* End PBXProject section */

/* Begin PBXResourcesBuildPhase section */
		A1E3972027BEAD20005EA451 /* Resources */ = {
			isa = PBXResourcesBuildPhase;
			buildActionMask = 2147483647;
			files = (
				A1E3973227BEAD2F005EA451 /* LaunchScreen.storyboard in Resources */,
				A1E3972F27BEAD2F005EA451 /* Assets.xcassets in Resources */,
				A15E41D727C2CB6E00EFD257 /* CategoriesViewController.xib in Resources */,
				A1E3973C27BEAE74005EA451 /* InitialViewController.xib in Resources */,
				A1ABA43727C044FB00445810 /* AboutViewController.xib in Resources */,
				A1ABA42B27C00D3C00445810 /* QuestionViewController.xib in Resources */,
			);
			runOnlyForDeploymentPostprocessing = 0;
		};
/* End PBXResourcesBuildPhase section */

/* Begin PBXShellScriptBuildPhase section */
		1FF24B40B905DE11296FE890 /* [CP] Check Pods Manifest.lock */ = {
			isa = PBXShellScriptBuildPhase;
			buildActionMask = 2147483647;
			files = (
			);
			inputFileListPaths = (
			);
			inputPaths = (
				"${PODS_PODFILE_DIR_PATH}/Podfile.lock",
				"${PODS_ROOT}/Manifest.lock",
			);
			name = "[CP] Check Pods Manifest.lock";
			outputFileListPaths = (
			);
			outputPaths = (
				"$(DERIVED_FILE_DIR)/Pods-Trivia-checkManifestLockResult.txt",
			);
			runOnlyForDeploymentPostprocessing = 0;
			shellPath = /bin/sh;
			shellScript = "diff \"${PODS_PODFILE_DIR_PATH}/Podfile.lock\" \"${PODS_ROOT}/Manifest.lock\" > /dev/null\nif [ $? != 0 ] ; then\n    # print error to STDERR\n    echo \"error: The sandbox is not in sync with the Podfile.lock. Run 'pod install' or update your CocoaPods installation.\" >&2\n    exit 1\nfi\n# This output is used by Xcode 'outputs' to avoid re-running this script phase.\necho \"SUCCESS\" > \"${SCRIPT_OUTPUT_FILE_0}\"\n";
			showEnvVarsInLog = 0;
		};
		F542D99887FA4A621C73A121 /* [CP] Embed Pods Frameworks */ = {
			isa = PBXShellScriptBuildPhase;
			buildActionMask = 2147483647;
			files = (
			);
			inputFileListPaths = (
				"${PODS_ROOT}/Target Support Files/Pods-Trivia/Pods-Trivia-frameworks-${CONFIGURATION}-input-files.xcfilelist",
			);
			name = "[CP] Embed Pods Frameworks";
			outputFileListPaths = (
				"${PODS_ROOT}/Target Support Files/Pods-Trivia/Pods-Trivia-frameworks-${CONFIGURATION}-output-files.xcfilelist",
			);
			runOnlyForDeploymentPostprocessing = 0;
			shellPath = /bin/sh;
			shellScript = "\"${PODS_ROOT}/Target Support Files/Pods-Trivia/Pods-Trivia-frameworks.sh\"\n";
			showEnvVarsInLog = 0;
		};
/* End PBXShellScriptBuildPhase section */

/* Begin PBXSourcesBuildPhase section */
		A1E3971E27BEAD20005EA451 /* Sources */ = {
			isa = PBXSourcesBuildPhase;
			buildActionMask = 2147483647;
			files = (
				A1870ED127C6C34200939249 /* QuestionsService.swift in Sources */,
				A1E3972A27BEAD20005EA451 /* ViewController.swift in Sources */,
				A1ABA42A27C00D3C00445810 /* QuestionViewController.swift in Sources */,
				A1870ECF27C4778F00939249 /* QuestionsViewModel.swift in Sources */,
				A1E3972627BEAD20005EA451 /* AppDelegate.swift in Sources */,
				A1ABA43327C03F4B00445810 /* TabBarController.swift in Sources */,
				A1E3972827BEAD20005EA451 /* SceneDelegate.swift in Sources */,
				A1870ECB27C4633A00939249 /* CategoriesService.swift in Sources */,
				A1870ECD27C4640900939249 /* AlamofireAPIClient.swift in Sources */,
				A1ABA43627C044FB00445810 /* AboutViewController.swift in Sources */,
				A15E41D627C2CB6E00EFD257 /* CategoriesViewController.swift in Sources */,
				A1870EC927C434E400939249 /* CategoriesViewModel.swift in Sources */,
				A1E3973B27BEAE74005EA451 /* InitialViewController.swift in Sources */,
			);
			runOnlyForDeploymentPostprocessing = 0;
		};
/* End PBXSourcesBuildPhase section */

/* Begin PBXVariantGroup section */
		A1E3973027BEAD2F005EA451 /* LaunchScreen.storyboard */ = {
			isa = PBXVariantGroup;
			children = (
				A1E3973127BEAD2F005EA451 /* Base */,
			);
			name = LaunchScreen.storyboard;
			sourceTree = "<group>";
		};
/* End PBXVariantGroup section */

/* Begin XCBuildConfiguration section */
		A1E3973427BEAD2F005EA451 /* Debug */ = {
			isa = XCBuildConfiguration;
			buildSettings = {
				ALWAYS_SEARCH_USER_PATHS = NO;
				CLANG_ANALYZER_NONNULL = YES;
				CLANG_ANALYZER_NUMBER_OBJECT_CONVERSION = YES_AGGRESSIVE;
				CLANG_CXX_LANGUAGE_STANDARD = "gnu++17";
				CLANG_CXX_LIBRARY = "libc++";
				CLANG_ENABLE_MODULES = YES;
				CLANG_ENABLE_OBJC_ARC = YES;
				CLANG_ENABLE_OBJC_WEAK = YES;
				CLANG_WARN_BLOCK_CAPTURE_AUTORELEASING = YES;
				CLANG_WARN_BOOL_CONVERSION = YES;
				CLANG_WARN_COMMA = YES;
				CLANG_WARN_CONSTANT_CONVERSION = YES;
				CLANG_WARN_DEPRECATED_OBJC_IMPLEMENTATIONS = YES;
				CLANG_WARN_DIRECT_OBJC_ISA_USAGE = YES_ERROR;
				CLANG_WARN_DOCUMENTATION_COMMENTS = YES;
				CLANG_WARN_EMPTY_BODY = YES;
				CLANG_WARN_ENUM_CONVERSION = YES;
				CLANG_WARN_INFINITE_RECURSION = YES;
				CLANG_WARN_INT_CONVERSION = YES;
				CLANG_WARN_NON_LITERAL_NULL_CONVERSION = YES;
				CLANG_WARN_OBJC_IMPLICIT_RETAIN_SELF = YES;
				CLANG_WARN_OBJC_LITERAL_CONVERSION = YES;
				CLANG_WARN_OBJC_ROOT_CLASS = YES_ERROR;
				CLANG_WARN_QUOTED_INCLUDE_IN_FRAMEWORK_HEADER = YES;
				CLANG_WARN_RANGE_LOOP_ANALYSIS = YES;
				CLANG_WARN_STRICT_PROTOTYPES = YES;
				CLANG_WARN_SUSPICIOUS_MOVE = YES;
				CLANG_WARN_UNGUARDED_AVAILABILITY = YES_AGGRESSIVE;
				CLANG_WARN_UNREACHABLE_CODE = YES;
				CLANG_WARN__DUPLICATE_METHOD_MATCH = YES;
				COPY_PHASE_STRIP = NO;
				DEBUG_INFORMATION_FORMAT = dwarf;
				ENABLE_STRICT_OBJC_MSGSEND = YES;
				ENABLE_TESTABILITY = YES;
				GCC_C_LANGUAGE_STANDARD = gnu11;
				GCC_DYNAMIC_NO_PIC = NO;
				GCC_NO_COMMON_BLOCKS = YES;
				GCC_OPTIMIZATION_LEVEL = 0;
				GCC_PREPROCESSOR_DEFINITIONS = (
					"DEBUG=1",
					"$(inherited)",
				);
				GCC_WARN_64_TO_32_BIT_CONVERSION = YES;
				GCC_WARN_ABOUT_RETURN_TYPE = YES_ERROR;
				GCC_WARN_UNDECLARED_SELECTOR = YES;
				GCC_WARN_UNINITIALIZED_AUTOS = YES_AGGRESSIVE;
				GCC_WARN_UNUSED_FUNCTION = YES;
				GCC_WARN_UNUSED_VARIABLE = YES;
				IPHONEOS_DEPLOYMENT_TARGET = 15.2;
				MTL_ENABLE_DEBUG_INFO = INCLUDE_SOURCE;
				MTL_FAST_MATH = YES;
				ONLY_ACTIVE_ARCH = YES;
				SDKROOT = iphoneos;
				SWIFT_ACTIVE_COMPILATION_CONDITIONS = DEBUG;
				SWIFT_OPTIMIZATION_LEVEL = "-Onone";
			};
			name = Debug;
		};
		A1E3973527BEAD2F005EA451 /* Release */ = {
			isa = XCBuildConfiguration;
			buildSettings = {
				ALWAYS_SEARCH_USER_PATHS = NO;
				CLANG_ANALYZER_NONNULL = YES;
				CLANG_ANALYZER_NUMBER_OBJECT_CONVERSION = YES_AGGRESSIVE;
				CLANG_CXX_LANGUAGE_STANDARD = "gnu++17";
				CLANG_CXX_LIBRARY = "libc++";
				CLANG_ENABLE_MODULES = YES;
				CLANG_ENABLE_OBJC_ARC = YES;
				CLANG_ENABLE_OBJC_WEAK = YES;
				CLANG_WARN_BLOCK_CAPTURE_AUTORELEASING = YES;
				CLANG_WARN_BOOL_CONVERSION = YES;
				CLANG_WARN_COMMA = YES;
				CLANG_WARN_CONSTANT_CONVERSION = YES;
				CLANG_WARN_DEPRECATED_OBJC_IMPLEMENTATIONS = YES;
				CLANG_WARN_DIRECT_OBJC_ISA_USAGE = YES_ERROR;
				CLANG_WARN_DOCUMENTATION_COMMENTS = YES;
				CLANG_WARN_EMPTY_BODY = YES;
				CLANG_WARN_ENUM_CONVERSION = YES;
				CLANG_WARN_INFINITE_RECURSION = YES;
				CLANG_WARN_INT_CONVERSION = YES;
				CLANG_WARN_NON_LITERAL_NULL_CONVERSION = YES;
				CLANG_WARN_OBJC_IMPLICIT_RETAIN_SELF = YES;
				CLANG_WARN_OBJC_LITERAL_CONVERSION = YES;
				CLANG_WARN_OBJC_ROOT_CLASS = YES_ERROR;
				CLANG_WARN_QUOTED_INCLUDE_IN_FRAMEWORK_HEADER = YES;
				CLANG_WARN_RANGE_LOOP_ANALYSIS = YES;
				CLANG_WARN_STRICT_PROTOTYPES = YES;
				CLANG_WARN_SUSPICIOUS_MOVE = YES;
				CLANG_WARN_UNGUARDED_AVAILABILITY = YES_AGGRESSIVE;
				CLANG_WARN_UNREACHABLE_CODE = YES;
				CLANG_WARN__DUPLICATE_METHOD_MATCH = YES;
				COPY_PHASE_STRIP = NO;
				DEBUG_INFORMATION_FORMAT = "dwarf-with-dsym";
				ENABLE_NS_ASSERTIONS = NO;
				ENABLE_STRICT_OBJC_MSGSEND = YES;
				GCC_C_LANGUAGE_STANDARD = gnu11;
				GCC_NO_COMMON_BLOCKS = YES;
				GCC_WARN_64_TO_32_BIT_CONVERSION = YES;
				GCC_WARN_ABOUT_RETURN_TYPE = YES_ERROR;
				GCC_WARN_UNDECLARED_SELECTOR = YES;
				GCC_WARN_UNINITIALIZED_AUTOS = YES_AGGRESSIVE;
				GCC_WARN_UNUSED_FUNCTION = YES;
				GCC_WARN_UNUSED_VARIABLE = YES;
				IPHONEOS_DEPLOYMENT_TARGET = 15.2;
				MTL_ENABLE_DEBUG_INFO = NO;
				MTL_FAST_MATH = YES;
				SDKROOT = iphoneos;
				SWIFT_COMPILATION_MODE = wholemodule;
				SWIFT_OPTIMIZATION_LEVEL = "-O";
				VALIDATE_PRODUCT = YES;
			};
			name = Release;
		};
		A1E3973727BEAD2F005EA451 /* Debug */ = {
			isa = XCBuildConfiguration;
			baseConfigurationReference = 7B58EA742D0B4811F1410588 /* Pods-Trivia.debug.xcconfig */;
			buildSettings = {
				ASSETCATALOG_COMPILER_APPICON_NAME = AppIcon;
				ASSETCATALOG_COMPILER_GLOBAL_ACCENT_COLOR_NAME = AccentColor;
				CODE_SIGN_STYLE = Automatic;
				CURRENT_PROJECT_VERSION = 1;
				GENERATE_INFOPLIST_FILE = YES;
				INFOPLIST_FILE = Trivia/Info.plist;
				INFOPLIST_KEY_CFBundleDisplayName = Trivia;
				INFOPLIST_KEY_NSMainNibFile = InitialViewController;
				INFOPLIST_KEY_UIApplicationSupportsIndirectInputEvents = YES;
				INFOPLIST_KEY_UILaunchStoryboardName = LaunchScreen;
				INFOPLIST_KEY_UISupportedInterfaceOrientations_iPad = "UIInterfaceOrientationPortrait UIInterfaceOrientationPortraitUpsideDown UIInterfaceOrientationLandscapeLeft UIInterfaceOrientationLandscapeRight";
				INFOPLIST_KEY_UISupportedInterfaceOrientations_iPhone = "UIInterfaceOrientationPortrait UIInterfaceOrientationLandscapeLeft UIInterfaceOrientationLandscapeRight";
				LD_RUNPATH_SEARCH_PATHS = (
					"$(inherited)",
					"@executable_path/Frameworks",
				);
				MARKETING_VERSION = 1.0;
				PRODUCT_BUNDLE_IDENTIFIER = Alkemy.Trivia;
				PRODUCT_NAME = "$(TARGET_NAME)";
				SWIFT_EMIT_LOC_STRINGS = YES;
				SWIFT_VERSION = 5.0;
				TARGETED_DEVICE_FAMILY = "1,2";
			};
			name = Debug;
		};
		A1E3973827BEAD2F005EA451 /* Release */ = {
			isa = XCBuildConfiguration;
			baseConfigurationReference = 0D93DD96652E8644881E00A2 /* Pods-Trivia.release.xcconfig */;
			buildSettings = {
				ASSETCATALOG_COMPILER_APPICON_NAME = AppIcon;
				ASSETCATALOG_COMPILER_GLOBAL_ACCENT_COLOR_NAME = AccentColor;
				CODE_SIGN_STYLE = Automatic;
				CURRENT_PROJECT_VERSION = 1;
				GENERATE_INFOPLIST_FILE = YES;
				INFOPLIST_FILE = Trivia/Info.plist;
				INFOPLIST_KEY_CFBundleDisplayName = Trivia;
				INFOPLIST_KEY_NSMainNibFile = InitialViewController;
				INFOPLIST_KEY_UIApplicationSupportsIndirectInputEvents = YES;
				INFOPLIST_KEY_UILaunchStoryboardName = LaunchScreen;
				INFOPLIST_KEY_UISupportedInterfaceOrientations_iPad = "UIInterfaceOrientationPortrait UIInterfaceOrientationPortraitUpsideDown UIInterfaceOrientationLandscapeLeft UIInterfaceOrientationLandscapeRight";
				INFOPLIST_KEY_UISupportedInterfaceOrientations_iPhone = "UIInterfaceOrientationPortrait UIInterfaceOrientationLandscapeLeft UIInterfaceOrientationLandscapeRight";
				LD_RUNPATH_SEARCH_PATHS = (
					"$(inherited)",
					"@executable_path/Frameworks",
				);
				MARKETING_VERSION = 1.0;
				PRODUCT_BUNDLE_IDENTIFIER = Alkemy.Trivia;
				PRODUCT_NAME = "$(TARGET_NAME)";
				SWIFT_EMIT_LOC_STRINGS = YES;
				SWIFT_VERSION = 5.0;
				TARGETED_DEVICE_FAMILY = "1,2";
			};
			name = Release;
		};
/* End XCBuildConfiguration section */

/* Begin XCConfigurationList section */
		A1E3971D27BEAD20005EA451 /* Build configuration list for PBXProject "Trivia" */ = {
			isa = XCConfigurationList;
			buildConfigurations = (
				A1E3973427BEAD2F005EA451 /* Debug */,
				A1E3973527BEAD2F005EA451 /* Release */,
			);
			defaultConfigurationIsVisible = 0;
			defaultConfigurationName = Release;
		};
		A1E3973627BEAD2F005EA451 /* Build configuration list for PBXNativeTarget "Trivia" */ = {
			isa = XCConfigurationList;
			buildConfigurations = (
				A1E3973727BEAD2F005EA451 /* Debug */,
				A1E3973827BEAD2F005EA451 /* Release */,
			);
			defaultConfigurationIsVisible = 0;
			defaultConfigurationName = Release;
		};
/* End XCConfigurationList section */
	};
	rootObject = A1E3971A27BEAD20005EA451 /* Project object */;
}
